Microsoft Visual Studio Solution File, Format Version 12.00
# Visual Studio Version 17
VisualStudioVersion = 17.5.2.0
MinimumVisualStudioVersion = 10.0.40219.1
Project("{FAE04EC0-301F-11D3-BF4B-00C04F79EFBC}") = "AIResumeScreeningSystem", "AIResumeScreeningSystem.csproj", "{ADDD3110-9510-FC0F-BE80-B409C62E3598}"
EndProject
Global
	GlobalSection(SolutionConfigurationPlatforms) = preSolution
		Debug|Any CPU = Debug|Any CPU
		Release|Any CPU = Release|Any CPU
	EndGlobalSection
	GlobalSection(ProjectConfigurationPlatforms) = postSolution
		{ADDD3110-9510-FC0F-BE80-B409C62E3598}.Debug|Any CPU.ActiveCfg = Debug|Any CPU
		{ADDD3110-9510-FC0F-BE80-B409C62E3598}.Debug|Any CPU.Build.0 = Debug|Any CPU
		{ADDD3110-9510-FC0F-BE80-B409C62E3598}.Release|Any CPU.ActiveCfg = Release|Any CPU
		{ADDD3110-9510-FC0F-BE80-B409C62E3598}.Release|Any CPU.Build.0 = Release|Any CPU
	EndGlobalSection
	GlobalSection(SolutionProperties) = preSolution
		HideSolutionNode = FALSE
	EndGlobalSection
	GlobalSection(ExtensibilityGlobals) = postSolution
		SolutionGuid = {EB82834D-4AD4-4699-A110-E76EFF31484B}
	EndGlobalSection
EndGlobal
